lockfileVersion: '9.0'

settings:
  autoInstallPeers: true
  excludeLinksFromLockfile: false

importers:

  .:
    dependencies:
      lefthook:
        specifier: ^1.13.0
        version: 1.13.0

packages:

  lefthook-darwin-arm64@1.13.0:
    resolution: {integrity: sha512-mhD4zOj2VRx34tptEc/lP643n5YAAVP95f/TiP6geQz4kpLwUrsTwQxzoXUIauU2DGSNbFtp9hVSE++0e4ESEA==}
    cpu: [arm64]
    os: [darwin]

  lefthook-darwin-x64@1.13.0:
    resolution: {integrity: sha512-uspgWrhh9Xoyb+x0hVeMnYkSA1K/cEov4QHxcBBTIvTvjEuijSLIQEzULsHvg7a6xNM/8E3SBzOwBRK44jM2Mw==}
    cpu: [x64]
    os: [darwin]

  lefthook-freebsd-arm64@1.13.0:
    resolution: {integrity: sha512-UUY+UlGuwAkO8hEY4+SGYfM1OeXSI4i2/8ROwBpu6fz0LrTL1OUYRVhLIRNJvWrF2XabfgXVUrnjGY7YSq4zpg==}
    cpu: [arm64]
    os: [freebsd]

  lefthook-freebsd-x64@1.13.0:
    resolution: {integrity: sha512-wdF/Cwmbiblz+UaLb3a0trSKEmaY5z20latrmhim98M1H48iBHhUyUUJWaSEauyFMJWPwu7rSVZl5KktPxCxVA==}
    cpu: [x64]
    os: [freebsd]

  lefthook-linux-arm64@1.13.0:
    resolution: {integrity: sha512-tpg4pA0JTeLxGAZDFJVOGyIMjQAE7F8HcM31tj+3KOogahspOffpmSoS1SlHzUSZ8Jm+Bvoqcis/sW68HkmWHw==}
    cpu: [arm64]
    os: [linux]

  lefthook-linux-x64@1.13.0:
    resolution: {integrity: sha512-5JUhlDaYqt9vBTSQ5gkA00+0ktUSRyL60AhZID6OR4ML39SidzMTu/GrgHscPT4sD3TfSODEdGZ28sNKdLg6jA==}
    cpu: [x64]
    os: [linux]

  lefthook-openbsd-arm64@1.13.0:
    resolution: {integrity: sha512-UNCoKrbH0Yv61jCCUIPRr7ErS3yYt2VNCFdzLf752O9K0yrfn9FzYUsyxQFEn1Ah/kq+TNgZw90gVLg5fv1t4g==}
    cpu: [arm64]
    os: [openbsd]

  lefthook-openbsd-x64@1.13.0:
    resolution: {integrity: sha512-iyvE+jgHYnLvOoHsLykgf98lftewsQzEBciYxygna9sLZ9nLvfbwp9mWUk09yMRmPCFGDeeDecERaUa2SICWLA==}
    cpu: [x64]
    os: [openbsd]

  lefthook-windows-arm64@1.13.0:
    resolution: {integrity: sha512-+u0GyvZouKGcecFsayIbzq1KIoDcrSqVhivLfJUq7vpMXbSHV5HbhrkdkfqkuGjGgGnWulQY29/bDubTQoqfOA==}
    cpu: [arm64]
    os: [win32]

  lefthook-windows-x64@1.13.0:
    resolution: {integrity: sha512-RG8dfOkszk6BaOA7k26NO0R1/vy1tno7/wgdg+Wjt0pYFiBo0DhmPMoAVB4kzjObqBKDd1KWidzsEv4/R0oFIg==}
    cpu: [x64]
    os: [win32]

  lefthook@1.13.0:
    resolution: {integrity: sha512-6pno+NjfBrKKt3XQmFUvwDdKXzBVh5JvzAIwcCOu9mqg81nAMCZd2FtTuU1fmDzXFNdsxjW8mwwKB+S8t5ucOQ==}
    hasBin: true

snapshots:

  lefthook-darwin-arm64@1.13.0:
    optional: true

  lefthook-darwin-x64@1.13.0:
    optional: true

  lefthook-freebsd-arm64@1.13.0:
    optional: true

  lefthook-freebsd-x64@1.13.0:
    optional: true

  lefthook-linux-arm64@1.13.0:
    optional: true

  lefthook-linux-x64@1.13.0:
    optional: true

  lefthook-openbsd-arm64@1.13.0:
    optional: true

  lefthook-openbsd-x64@1.13.0:
    optional: true

  lefthook-windows-arm64@1.13.0:
    optional: true

  lefthook-windows-x64@1.13.0:
    optional: true

  lefthook@1.13.0:
    optionalDependencies:
      lefthook-darwin-arm64: 1.13.0
      lefthook-darwin-x64: 1.13.0
      lefthook-freebsd-arm64: 1.13.0
      lefthook-freebsd-x64: 1.13.0
      lefthook-linux-arm64: 1.13.0
      lefthook-linux-x64: 1.13.0
      lefthook-openbsd-arm64: 1.13.0
      lefthook-openbsd-x64: 1.13.0
      lefthook-windows-arm64: 1.13.0
      lefthook-windows-x64: 1.13.0
